
Microsoft Visual Studio Solution File, Format Version 12.00
# Visual Studio 15
VisualStudioVersion = 15.0.28307.1972
MinimumVisualStudioVersion = 10.0.40219.1
Project("{FAE04EC0-301F-11D3-BF4B-00C04F79EFBC}") = "CalculadoraBasica", "CalculadoraBasica\CalculadoraBasica.csproj", "{37114523-4C9D-48C6-BB63-52187A11427D}"
EndProject
Global
	GlobalSection(SolutionConfigurationPlatforms) = preSolution
		Debug|Any CPU = Debug|Any CPU
		Release|Any CPU = Release|Any CPU
	EndGlobalSection
	GlobalSection(ProjectConfigurationPlatforms) = postSolution
		{37114523-4C9D-48C6-BB63-52187A11427D}.Debug|Any CPU.ActiveCfg = Debug|Any CPU
		{37114523-4C9D-48C6-BB63-52187A11427D}.Debug|Any CPU.Build.0 = Debug|Any CPU
		{37114523-4C9D-48C6-BB63-52187A11427D}.Release|Any CPU.ActiveCfg = Release|Any CPU
		{37114523-4C9D-48C6-BB63-52187A11427D}.Release|Any CPU.Build.0 = Release|Any CPU
	EndGlobalSection
	GlobalSection(SolutionProperties) = preSolution
		HideSolutionNode = FALSE
	EndGlobalSection
	GlobalSection(ExtensibilityGlobals) = postSolution
		SolutionGuid = {98A6E762-5F31-48C5-9CA2-D2DE49BF5C14}
	EndGlobalSection
EndGlobal
